// !$*UTF8*$!
{
	archiveVersion = 1;
	classes = {
	};
	objectVersion = 50;
	objects = {

/* Begin PBXBuildFile section */
		4985FEF521A3C414005E9B41 /* QRCodeUtil.swift in Sources */ = {isa = PBXBuildFile; fileRef = 4985FEF421A3C414005E9B41 /* QRCodeUtil.swift */; };
		4985FEF821A3D67C005E9B41 /* ConfigManager.swift in Sources */ = {isa = PBXBuildFile; fileRef = 4985FEF721A3D67C005E9B41 /* ConfigManager.swift */; };
		4985FEFA21A3D95B005E9B41 /* NSUserNotificationCenter+Extension.swift in Sources */ = {isa = PBXBuildFile; fileRef = 4985FEF921A3D95B005E9B41 /* NSUserNotificationCenter+Extension.swift */; };
		49E938EB21A255A5001DD493 /* AppDelegate.swift in Sources */ = {isa = PBXBuildFile; fileRef = 49E938EA21A255A5001DD493 /* AppDelegate.swift */; };
		49E938EF21A255A7001DD493 /* Assets.xcassets in Resources */ = {isa = PBXBuildFile; fileRef = 49E938EE21A255A7001DD493 /* Assets.xcassets */; };
		49E938F221A255A7001DD493 /* Main.storyboard in Resources */ = {isa = PBXBuildFile; fileRef = 49E938F021A255A7001DD493 /* Main.storyboard */; };
		49FE07D821A4FB0F0063D84A /* QRCodeGeneratorViewController.swift in Sources */ = {isa = PBXBuildFile; fileRef = 49FE07D721A4FB0F0063D84A /* QRCodeGeneratorViewController.swift */; };
/* End PBXBuildFile section */

/* Begin PBXFileReference section */
		4985FEF421A3C414005E9B41 /* QRCodeUtil.swift */ = {isa = PBXFileReference; fileEncoding = 4; lastKnownFileType = sourcecode.swift; path = QRCodeUtil.swift; sourceTree = "<group>"; };
		4985FEF721A3D67C005E9B41 /* ConfigManager.swift */ = {isa = PBXFileReference; lastKnownFileType = sourcecode.swift; path = ConfigManager.swift; sourceTree = "<group>"; };
		4985FEF921A3D95B005E9B41 /* NSUserNotificationCenter+Extension.swift */ = {isa = PBXFileReference; fileEncoding = 4; lastKnownFileType = sourcecode.swift; path = "NSUserNotificationCenter+Extension.swift"; sourceTree = "<group>"; };
		49E938E721A255A5001DD493 /* ScreenQRCodeQuickScanTool.app */ = {isa = PBXFileReference; explicitFileType = wrapper.application; includeInIndex = 0; path = ScreenQRCodeQuickScanTool.app; sourceTree = BUILT_PRODUCTS_DIR; };
		49E938EA21A255A5001DD493 /* AppDelegate.swift */ = {isa = PBXFileReference; lastKnownFileType = sourcecode.swift; path = AppDelegate.swift; sourceTree = "<group>"; };
		49E938EE21A255A7001DD493 /* Assets.xcassets */ = {isa = PBXFileReference; lastKnownFileType = folder.assetcatalog; path = Assets.xcassets; sourceTree = "<group>"; };
		49E938F121A255A7001DD493 /* Base */ = {isa = PBXFileReference; lastKnownFileType = file.storyboard; name = Base; path = Base.lproj/Main.storyboard; sourceTree = "<group>"; };
		49E938F321A255A7001DD493 /* Info.plist */ = {isa = PBXFileReference; lastKnownFileType = text.plist.xml; path = Info.plist; sourceTree = "<group>"; };
		49E938F421A255A7001DD493 /* ScreenQRCodeQuickScanTool.entitlements */ = {isa = PBXFileReference; lastKnownFileType = text.plist.entitlements; path = ScreenQRCodeQuickScanTool.entitlements; sourceTree = "<group>"; };
		49FE07D721A4FB0F0063D84A /* QRCodeGeneratorViewController.swift */ = {isa = PBXFileReference; lastKnownFileType = sourcecode.swift; path = QRCodeGeneratorViewController.swift; sourceTree = "<group>"; };
/* End PBXFileReference section */

/* Begin PBXFrameworksBuildPhase section */
		49E938E421A255A5001DD493 /* Frameworks */ = {
			isa = PBXFrameworksBuildPhase;
			buildActionMask = 2147483647;
			files = (
			);
			runOnlyForDeploymentPostprocessing = 0;
		};
/* End PBXFrameworksBuildPhase section */

/* Begin PBXGroup section */
		49E938DE21A255A5001DD493 = {
			isa = PBXGroup;
			children = (
				49E938E921A255A5001DD493 /* ScreenQRCodeQuickScanTool */,
				49E938E821A255A5001DD493 /* Products */,
			);
			sourceTree = "<group>";
		};
		49E938E821A255A5001DD493 /* Products */ = {
			isa = PBXGroup;
			children = (
				49E938E721A255A5001DD493 /* ScreenQRCodeQuickScanTool.app */,
			);
			name = Products;
			sourceTree = "<group>";
		};
		49E938E921A255A5001DD493 /* ScreenQRCodeQuickScanTool */ = {
			isa = PBXGroup;
			children = (
				49E938EA21A255A5001DD493 /* AppDelegate.swift */,
				4985FEF921A3D95B005E9B41 /* NSUserNotificationCenter+Extension.swift */,
				49FE07D721A4FB0F0063D84A /* QRCodeGeneratorViewController.swift */,
				4985FEF421A3C414005E9B41 /* QRCodeUtil.swift */,
				49E938EE21A255A7001DD493 /* Assets.xcassets */,
				49E938F021A255A7001DD493 /* Main.storyboard */,
				49E938F321A255A7001DD493 /* Info.plist */,
				49E938F421A255A7001DD493 /* ScreenQRCodeQuickScanTool.entitlements */,
				4985FEF721A3D67C005E9B41 /* ConfigManager.swift */,
			);
			path = ScreenQRCodeQuickScanTool;
			sourceTree = "<group>";
		};
/* End PBXGroup section */

/* Begin PBXNativeTarget section */
		49E938E621A255A5001DD493 /* ScreenQRCodeQuickScanTool */ = {
			isa = PBXNativeTarget;
			buildConfigurationList = 49E938F721A255A7001DD493 /* Build configuration list for PBXNativeTarget "ScreenQRCodeQuickScanTool" */;
			buildPhases = (
				49E938E321A255A5001DD493 /* Sources */,
				49E938E421A255A5001DD493 /* Frameworks */,
				49E938E521A255A5001DD493 /* Resources */,
			);
			buildRules = (
			);
			dependencies = (
			);
			name = ScreenQRCodeQuickScanTool;
			productName = ScreenQRCodeQuickScanTool;
			productReference = 49E938E721A255A5001DD493 /* ScreenQRCodeQuickScanTool.app */;
			productType = "com.apple.product-type.application";
		};
/* End PBXNativeTarget section */

/* Begin PBXProject section */
		49E938DF21A255A5001DD493 /* Project object */ = {
			isa = PBXProject;
			attributes = {
				LastSwiftUpdateCheck = 1010;
				LastUpgradeCheck = 1010;
				ORGANIZATIONNAME = west2;
				TargetAttributes = {
					49E938E621A255A5001DD493 = {
						CreatedOnToolsVersion = 10.1;
						SystemCapabilities = {
							com.apple.Sandbox = {
								enabled = 1;
							};
						};
					};
				};
			};
			buildConfigurationList = 49E938E221A255A5001DD493 /* Build configuration list for PBXProject "ScreenQRCodeQuickScanTool" */;
			compatibilityVersion = "Xcode 9.3";
			developmentRegion = en;
			hasScannedForEncodings = 0;
			knownRegions = (
				en,
				Base,
			);
			mainGroup = 49E938DE21A255A5001DD493;
			productRefGroup = 49E938E821A255A5001DD493 /* Products */;
			projectDirPath = "";
			projectRoot = "";
			targets = (
				49E938E621A255A5001DD493 /* ScreenQRCodeQuickScanTool */,
			);
		};
/* End PBXProject section */

/* Begin PBXResourcesBuildPhase section */
		49E938E521A255A5001DD493 /* Resources */ = {
			isa = PBXResourcesBuildPhase;
			buildActionMask = 2147483647;
			files = (
				49E938EF21A255A7001DD493 /* Assets.xcassets in Resources */,
				49E938F221A255A7001DD493 /* Main.storyboard in Resources */,
			);
			runOnlyForDeploymentPostprocessing = 0;
		};
/* End PBXResourcesBuildPhase section */

/* Begin PBXSourcesBuildPhase section */
		49E938E321A255A5001DD493 /* Sources */ = {
			isa = PBXSourcesBuildPhase;
			buildActionMask = 2147483647;
			files = (
				4985FEF521A3C414005E9B41 /* QRCodeUtil.swift in Sources */,
				49E938EB21A255A5001DD493 /* AppDelegate.swift in Sources */,
				49FE07D821A4FB0F0063D84A /* QRCodeGeneratorViewController.swift in Sources */,
				4985FEF821A3D67C005E9B41 /* ConfigManager.swift in Sources */,
				4985FEFA21A3D95B005E9B41 /* NSUserNotificationCenter+Extension.swift in Sources */,
			);
			runOnlyForDeploymentPostprocessing = 0;
		};
/* End PBXSourcesBuildPhase section */

/* Begin PBXVariantGroup section */
		49E938F021A255A7001DD493 /* Main.storyboard */ = {
			isa = PBXVariantGroup;
			children = (
				49E938F121A255A7001DD493 /* Base */,
			);
			name = Main.storyboard;
			sourceTree = "<group>";
		};
/* End PBXVariantGroup section */

/* Begin XCBuildConfiguration section */
		49E938F521A255A7001DD493 /* Debug */ = {
			isa = XCBuildConfiguration;
			buildSettings = {
				ALWAYS_SEARCH_USER_PATHS = NO;
				CLANG_ANALYZER_NONNULL = YES;
				CLANG_ANALYZER_NUMBER_OBJECT_CONVERSION = YES_AGGRESSIVE;
				CLANG_CXX_LANGUAGE_STANDARD = "gnu++14";
				CLANG_CXX_LIBRARY = "libc++";
				CLANG_ENABLE_MODULES = YES;
				CLANG_ENABLE_OBJC_ARC = YES;
				CLANG_ENABLE_OBJC_WEAK = YES;
				CLANG_WARN_BLOCK_CAPTURE_AUTORELEASING = YES;
				CLANG_WARN_BOOL_CONVERSION = YES;
				CLANG_WARN_COMMA = YES;
				CLANG_WARN_CONSTANT_CONVERSION = YES;
				CLANG_WARN_DEPRECATED_OBJC_IMPLEMENTATIONS = YES;
				CLANG_WARN_DIRECT_OBJC_ISA_USAGE = YES_ERROR;
				CLANG_WARN_DOCUMENTATION_COMMENTS = YES;
				CLANG_WARN_EMPTY_BODY = YES;
				CLANG_WARN_ENUM_CONVERSION = YES;
				CLANG_WARN_INFINITE_RECURSION = YES;
				CLANG_WARN_INT_CONVERSION = YES;
				CLANG_WARN_NON_LITERAL_NULL_CONVERSION = YES;
				CLANG_WARN_OBJC_IMPLICIT_RETAIN_SELF = YES;
				CLANG_WARN_OBJC_LITERAL_CONVERSION = YES;
				CLANG_WARN_OBJC_ROOT_CLASS = YES_ERROR;
				CLANG_WARN_RANGE_LOOP_ANALYSIS = YES;
				CLANG_WARN_STRICT_PROTOTYPES = YES;
				CLANG_WARN_SUSPICIOUS_MOVE = YES;
				CLANG_WARN_UNGUARDED_AVAILABILITY = YES_AGGRESSIVE;
				CLANG_WARN_UNREACHABLE_CODE = YES;
				CLANG_WARN__DUPLICATE_METHOD_MATCH = YES;
				CODE_SIGN_IDENTITY = "Mac Developer";
				COPY_PHASE_STRIP = NO;
				DEBUG_INFORMATION_FORMAT = dwarf;
				ENABLE_STRICT_OBJC_MSGSEND = YES;
				ENABLE_TESTABILITY = YES;
				GCC_C_LANGUAGE_STANDARD = gnu11;
				GCC_DYNAMIC_NO_PIC = NO;
				GCC_NO_COMMON_BLOCKS = YES;
				GCC_OPTIMIZATION_LEVEL = 0;
				GCC_PREPROCESSOR_DEFINITIONS = (
					"DEBUG=1",
					"$(inherited)",
				);
				GCC_WARN_64_TO_32_BIT_CONVERSION = YES;
				GCC_WARN_ABOUT_RETURN_TYPE = YES_ERROR;
				GCC_WARN_UNDECLARED_SELECTOR = YES;
				GCC_WARN_UNINITIALIZED_AUTOS = YES_AGGRESSIVE;
				GCC_WARN_UNUSED_FUNCTION = YES;
				GCC_WARN_UNUSED_VARIABLE = YES;
				MACOSX_DEPLOYMENT_TARGET = 10.14;
				MTL_ENABLE_DEBUG_INFO = INCLUDE_SOURCE;
				MTL_FAST_MATH = YES;
				ONLY_ACTIVE_ARCH = YES;
				SDKROOT = macosx;
				SWIFT_ACTIVE_COMPILATION_CONDITIONS = DEBUG;
				SWIFT_OPTIMIZATION_LEVEL = "-Onone";
			};
			name = Debug;
		};
		49E938F621A255A7001DD493 /* Release */ = {
			isa = XCBuildConfiguration;
			buildSettings = {
				ALWAYS_SEARCH_USER_PATHS = NO;
				CLANG_ANALYZER_NONNULL = YES;
				CLANG_ANALYZER_NUMBER_OBJECT_CONVERSION = YES_AGGRESSIVE;
				CLANG_CXX_LANGUAGE_STANDARD = "gnu++14";
				CLANG_CXX_LIBRARY = "libc++";
				CLANG_ENABLE_MODULES = YES;
				CLANG_ENABLE_OBJC_ARC = YES;
				CLANG_ENABLE_OBJC_WEAK = YES;
				CLANG_WARN_BLOCK_CAPTURE_AUTORELEASING = YES;
				CLANG_WARN_BOOL_CONVERSION = YES;
				CLANG_WARN_COMMA = YES;
				CLANG_WARN_CONSTANT_CONVERSION = YES;
				CLANG_WARN_DEPRECATED_OBJC_IMPLEMENTATIONS = YES;
				CLANG_WARN_DIRECT_OBJC_ISA_USAGE = YES_ERROR;
				CLANG_WARN_DOCUMENTATION_COMMENTS = YES;
				CLANG_WARN_EMPTY_BODY = YES;
				CLANG_WARN_ENUM_CONVERSION = YES;
				CLANG_WARN_INFINITE_RECURSION = YES;
				CLANG_WARN_INT_CONVERSION = YES;
				CLANG_WARN_NON_LITERAL_NULL_CONVERSION = YES;
				CLANG_WARN_OBJC_IMPLICIT_RETAIN_SELF = YES;
				CLANG_WARN_OBJC_LITERAL_CONVERSION = YES;
				CLANG_WARN_OBJC_ROOT_CLASS = YES_ERROR;
				CLANG_WARN_RANGE_LOOP_ANALYSIS = YES;
				CLANG_WARN_STRICT_PROTOTYPES = YES;
				CLANG_WARN_SUSPICIOUS_MOVE = YES;
				CLANG_WARN_UNGUARDED_AVAILABILITY = YES_AGGRESSIVE;
				CLANG_WARN_UNREACHABLE_CODE = YES;
				CLANG_WARN__DUPLICATE_METHOD_MATCH = YES;
				CODE_SIGN_IDENTITY = "Mac Developer";
				COPY_PHASE_STRIP = NO;
				DEBUG_INFORMATION_FORMAT = "dwarf-with-dsym";
				ENABLE_NS_ASSERTIONS = NO;
				ENABLE_STRICT_OBJC_MSGSEND = YES;
				GCC_C_LANGUAGE_STANDARD = gnu11;
				GCC_NO_COMMON_BLOCKS = YES;
				GCC_WARN_64_TO_32_BIT_CONVERSION = YES;
				GCC_WARN_ABOUT_RETURN_TYPE = YES_ERROR;
				GCC_WARN_UNDECLARED_SELECTOR = YES;
				GCC_WARN_UNINITIALIZED_AUTOS = YES_AGGRESSIVE;
				GCC_WARN_UNUSED_FUNCTION = YES;
				GCC_WARN_UNUSED_VARIABLE = YES;
				MACOSX_DEPLOYMENT_TARGET = 10.14;
				MTL_ENABLE_DEBUG_INFO = NO;
				MTL_FAST_MATH = YES;
				SDKROOT = macosx;
				SWIFT_COMPILATION_MODE = wholemodule;
				SWIFT_OPTIMIZATION_LEVEL = "-O";
			};
			name = Release;
		};
		49E938F821A255A7001DD493 /* Debug */ = {
			isa = XCBuildConfiguration;
			buildSettings = {
				ASSETCATALOG_COMPILER_APPICON_NAME = AppIcon;
				CODE_SIGN_ENTITLEMENTS = ScreenQRCodeQuickScanTool/ScreenQRCodeQuickScanTool.entitlements;
				CODE_SIGN_STYLE = Automatic;
				COMBINE_HIDPI_IMAGES = YES;
				DEVELOPMENT_TEAM = MEWHFZ92DY;
				INFOPLIST_FILE = ScreenQRCodeQuickScanTool/Info.plist;
				LD_RUNPATH_SEARCH_PATHS = (
					"$(inherited)",
					"@executable_path/../Frameworks",
				);
				PRODUCT_BUNDLE_IDENTIFIER = com.west2online.ScreenQRCodeQuickScanTool;
				PRODUCT_NAME = "$(TARGET_NAME)";
				SWIFT_VERSION = 4.2;
			};
			name = Debug;
		};
		49E938F921A255A7001DD493 /* Release */ = {
			isa = XCBuildConfiguration;
			buildSettings = {
				ASSETCATALOG_COMPILER_APPICON_NAME = AppIcon;
				CODE_SIGN_ENTITLEMENTS = ScreenQRCodeQuickScanTool/ScreenQRCodeQuickScanTool.entitlements;
				CODE_SIGN_STYLE = Automatic;
				COMBINE_HIDPI_IMAGES = YES;
				DEVELOPMENT_TEAM = MEWHFZ92DY;
				INFOPLIST_FILE = ScreenQRCodeQuickScanTool/Info.plist;
				LD_RUNPATH_SEARCH_PATHS = (
					"$(inherited)",
					"@executable_path/../Frameworks",
				);
				PRODUCT_BUNDLE_IDENTIFIER = com.west2online.ScreenQRCodeQuickScanTool;
				PRODUCT_NAME = "$(TARGET_NAME)";
				SWIFT_VERSION = 4.2;
			};
			name = Release;
		};
/* End XCBuildConfiguration section */

/* Begin XCConfigurationList section */
		49E938E221A255A5001DD493 /* Build configuration list for PBXProject "ScreenQRCodeQuickScanTool" */ = {
			isa = XCConfigurationList;
			buildConfigurations = (
				49E938F521A255A7001DD493 /* Debug */,
				49E938F621A255A7001DD493 /* Release */,
			);
			defaultConfigurationIsVisible = 0;
			defaultConfigurationName = Release;
		};
		49E938F721A255A7001DD493 /* Build configuration list for PBXNativeTarget "ScreenQRCodeQuickScanTool" */ = {
			isa = XCConfigurationList;
			buildConfigurations = (
				49E938F821A255A7001DD493 /* Debug */,
				49E938F921A255A7001DD493 /* Release */,
			);
			defaultConfigurationIsVisible = 0;
			defaultConfigurationName = Release;
		};
/* End XCConfigurationList section */
	};
	rootObject = 49E938DF21A255A5001DD493 /* Project object */;
}
